
Microsoft Visual Studio Solution File, Format Version 12.00
# Visual Studio 15
VisualStudioVersion = 15.0.28010.2041
MinimumVisualStudioVersion = 10.0.40219.1
Project("{FAE04EC0-301F-11D3-BF4B-00C04F79EFBC}") = "LifeGameSimulator", "LifeGameSimurator\LifeGameSimulator.csproj", "{B0B4EB32-1DAA-45DC-89E9-8DCD5FD223B9}"
	ProjectSection(ProjectDependencies) = postProject
		{2B63CFD4-D8BE-4EDA-997F-5372D8ECA539} = {2B63CFD4-D8BE-4EDA-997F-5372D8ECA539}
	EndProjectSection
EndProject
Project("{8BC9CEB8-8B4A-11D0-8D11-00A0C91BC942}") = "LifeGameSystem", "LifeGameSystem\LifeGameSystem.vcxproj", "{2B63CFD4-D8BE-4EDA-997F-5372D8ECA539}"
EndProject
Project("{8BC9CEB8-8B4A-11D0-8D11-00A0C91BC942}") = "LifeGameModel", "LifeGameModel\LifeGameModel.vcxproj", "{20151911-E6B0-478D-99A1-01757AD7C6A2}"
EndProject
Global
	GlobalSection(SolutionConfigurationPlatforms) = preSolution
		Debug|Any CPU = Debug|Any CPU
		Debug|x64 = Debug|x64
		Debug|x86 = Debug|x86
		Release|Any CPU = Release|Any CPU
		Release|x64 = Release|x64
		Release|x86 = Release|x86
	EndGlobalSection
	GlobalSection(ProjectConfigurationPlatforms) = postSolution
		{B0B4EB32-1DAA-45DC-89E9-8DCD5FD223B9}.Debug|Any CPU.ActiveCfg = Debug|Any CPU
		{B0B4EB32-1DAA-45DC-89E9-8DCD5FD223B9}.Debug|Any CPU.Build.0 = Debug|Any CPU
		{B0B4EB32-1DAA-45DC-89E9-8DCD5FD223B9}.Debug|x64.ActiveCfg = Debug|Any CPU
		{B0B4EB32-1DAA-45DC-89E9-8DCD5FD223B9}.Debug|x64.Build.0 = Debug|Any CPU
		{B0B4EB32-1DAA-45DC-89E9-8DCD5FD223B9}.Debug|x86.ActiveCfg = Debug|Any CPU
		{B0B4EB32-1DAA-45DC-89E9-8DCD5FD223B9}.Debug|x86.Build.0 = Debug|Any CPU
		{B0B4EB32-1DAA-45DC-89E9-8DCD5FD223B9}.Release|Any CPU.ActiveCfg = Release|Any CPU
		{B0B4EB32-1DAA-45DC-89E9-8DCD5FD223B9}.Release|Any CPU.Build.0 = Release|Any CPU
		{B0B4EB32-1DAA-45DC-89E9-8DCD5FD223B9}.Release|x64.ActiveCfg = Release|Any CPU
		{B0B4EB32-1DAA-45DC-89E9-8DCD5FD223B9}.Release|x64.Build.0 = Release|Any CPU
		{B0B4EB32-1DAA-45DC-89E9-8DCD5FD223B9}.Release|x86.ActiveCfg = Release|Any CPU
		{B0B4EB32-1DAA-45DC-89E9-8DCD5FD223B9}.Release|x86.Build.0 = Release|Any CPU
		{2B63CFD4-D8BE-4EDA-997F-5372D8ECA539}.Debug|Any CPU.ActiveCfg = Debug|Win32
		{2B63CFD4-D8BE-4EDA-997F-5372D8ECA539}.Debug|x64.ActiveCfg = Debug|x64
		{2B63CFD4-D8BE-4EDA-997F-5372D8ECA539}.Debug|x64.Build.0 = Debug|x64
		{2B63CFD4-D8BE-4EDA-997F-5372D8ECA539}.Debug|x86.ActiveCfg = Debug|Win32
		{2B63CFD4-D8BE-4EDA-997F-5372D8ECA539}.Debug|x86.Build.0 = Debug|Win32
		{2B63CFD4-D8BE-4EDA-997F-5372D8ECA539}.Release|Any CPU.ActiveCfg = Release|Win32
		{2B63CFD4-D8BE-4EDA-997F-5372D8ECA539}.Release|x64.ActiveCfg = Release|x64
		{2B63CFD4-D8BE-4EDA-997F-5372D8ECA539}.Release|x64.Build.0 = Release|x64
		{2B63CFD4-D8BE-4EDA-997F-5372D8ECA539}.Release|x86.ActiveCfg = Release|Win32
		{2B63CFD4-D8BE-4EDA-997F-5372D8ECA539}.Release|x86.Build.0 = Release|Win32
		{20151911-E6B0-478D-99A1-01757AD7C6A2}.Debug|Any CPU.ActiveCfg = Debug|Win32
		{20151911-E6B0-478D-99A1-01757AD7C6A2}.Debug|x64.ActiveCfg = Debug|x64
		{20151911-E6B0-478D-99A1-01757AD7C6A2}.Debug|x64.Build.0 = Debug|x64
		{20151911-E6B0-478D-99A1-01757AD7C6A2}.Debug|x86.ActiveCfg = Debug|Win32
		{20151911-E6B0-478D-99A1-01757AD7C6A2}.Debug|x86.Build.0 = Debug|Win32
		{20151911-E6B0-478D-99A1-01757AD7C6A2}.Release|Any CPU.ActiveCfg = Release|Win32
		{20151911-E6B0-478D-99A1-01757AD7C6A2}.Release|x64.ActiveCfg = Release|x64
		{20151911-E6B0-478D-99A1-01757AD7C6A2}.Release|x64.Build.0 = Release|x64
		{20151911-E6B0-478D-99A1-01757AD7C6A2}.Release|x86.ActiveCfg = Release|Win32
		{20151911-E6B0-478D-99A1-01757AD7C6A2}.Release|x86.Build.0 = Release|Win32
	EndGlobalSection
	GlobalSection(SolutionProperties) = preSolution
		HideSolutionNode = FALSE
	EndGlobalSection
	GlobalSection(ExtensibilityGlobals) = postSolution
		SolutionGuid = {23AE1767-1AF0-4300-9EF9-27652CB40A03}
	EndGlobalSection
EndGlobal
